
Microsoft Visual Studio Solution File, Format Version 12.00
# Visual Studio Version 16
VisualStudioVersion = 16.0.30804.86
MinimumVisualStudioVersion = 10.0.40219.1
Project("{FAE04EC0-301F-11D3-BF4B-00C04F79EFBC}") = "Kafe21", "Kafe21\Kafe21.csproj", "{0566238A-62FB-44DB-8696-6A409D1967BE}"
EndProject
Project("{FAE04EC0-301F-11D3-BF4B-00C04F79EFBC}") = "Kafe21.Data", "Cafe21.Data\Kafe21.Data.csproj", "{4BD1DD1D-C392-4258-88CB-F3ADD6B16B8B}"
EndProject
Global
	GlobalSection(SolutionConfigurationPlatforms) = preSolution
		Debug|Any CPU = Debug|Any CPU
		Release|Any CPU = Release|Any CPU
	EndGlobalSection
	GlobalSection(ProjectConfigurationPlatforms) = postSolution
		{0566238A-62FB-44DB-8696-6A409D1967BE}.Debug|Any CPU.ActiveCfg = Debug|Any CPU
		{0566238A-62FB-44DB-8696-6A409D1967BE}.Debug|Any CPU.Build.0 = Debug|Any CPU
		{0566238A-62FB-44DB-8696-6A409D1967BE}.Release|Any CPU.ActiveCfg = Release|Any CPU
		{0566238A-62FB-44DB-8696-6A409D1967BE}.Release|Any CPU.Build.0 = Release|Any CPU
		{4BD1DD1D-C392-4258-88CB-F3ADD6B16B8B}.Debug|Any CPU.ActiveCfg = Debug|Any CPU
		{4BD1DD1D-C392-4258-88CB-F3ADD6B16B8B}.Debug|Any CPU.Build.0 = Debug|Any CPU
		{4BD1DD1D-C392-4258-88CB-F3ADD6B16B8B}.Release|Any CPU.ActiveCfg = Release|Any CPU
		{4BD1DD1D-C392-4258-88CB-F3ADD6B16B8B}.Release|Any CPU.Build.0 = Release|Any CPU
	EndGlobalSection
	GlobalSection(SolutionProperties) = preSolution
		HideSolutionNode = FALSE
	EndGlobalSection
	GlobalSection(ExtensibilityGlobals) = postSolution
		SolutionGuid = {F87D58D0-04F4-4663-9F04-5DA5F821E3C3}
	EndGlobalSection
EndGlobal
